// !$*UTF8*$!
{
	archiveVersion = 1;
	classes = {
	};
	objectVersion = 46;
	objects = {

/* Begin PBXBuildFile section */
		4E6E901D18E6884C86E6DAC6 /* Pods_location_app.framework in Frameworks */ = {isa = PBXBuildFile; fileRef = F59EE0DCD7E39AE6DEFDB2B2 /* Pods_location_app.framework */; };
		E04200621D3BA34F001CD24A /* Constants.swift in Sources */ = {isa = PBXBuildFile; fileRef = E04200611D3BA34F001CD24A /* Constants.swift */; };
		E0658C961D195BA1008F488D /* ParkAnnotation.swift in Sources */ = {isa = PBXBuildFile; fileRef = E0658C951D195BA1008F488D /* ParkAnnotation.swift */; };
		E0658C981D1977ED008F488D /* Park.swift in Sources */ = {isa = PBXBuildFile; fileRef = E0658C971D1977ED008F488D /* Park.swift */; };
		E0658C9F1D19B614008F488D /* ParkCell.swift in Sources */ = {isa = PBXBuildFile; fileRef = E0658C9E1D19B614008F488D /* ParkCell.swift */; };
		E08353A91D1853560017A6CE /* AppDelegate.swift in Sources */ = {isa = PBXBuildFile; fileRef = E08353A81D1853560017A6CE /* AppDelegate.swift */; };
		E08353AB1D1853560017A6CE /* FirstViewController.swift in Sources */ = {isa = PBXBuildFile; fileRef = E08353AA1D1853560017A6CE /* FirstViewController.swift */; };
		E08353AD1D1853560017A6CE /* LocationVC.swift in Sources */ = {isa = PBXBuildFile; fileRef = E08353AC1D1853560017A6CE /* LocationVC.swift */; };
		E08353B01D1853560017A6CE /* Main.storyboard in Resources */ = {isa = PBXBuildFile; fileRef = E08353AE1D1853560017A6CE /* Main.storyboard */; };
		E08353B21D1853560017A6CE /* Assets.xcassets in Resources */ = {isa = PBXBuildFile; fileRef = E08353B11D1853560017A6CE /* Assets.xcassets */; };
		E08353B51D1853560017A6CE /* LaunchScreen.storyboard in Resources */ = {isa = PBXBuildFile; fileRef = E08353B31D1853560017A6CE /* LaunchScreen.storyboard */; };
/* End PBXBuildFile section */

/* Begin PBXFileReference section */
		096586AAEAADF04208F220D5 /* Pods-location-app.release.xcconfig */ = {isa = PBXFileReference; includeInIndex = 1; lastKnownFileType = text.xcconfig; name = "Pods-location-app.release.xcconfig"; path = "Pods/Target Support Files/Pods-location-app/Pods-location-app.release.xcconfig"; sourceTree = "<group>"; };
		E04200611D3BA34F001CD24A /* Constants.swift */ = {isa = PBXFileReference; fileEncoding = 4; lastKnownFileType = sourcecode.swift; path = Constants.swift; sourceTree = "<group>"; };
		E0658C951D195BA1008F488D /* ParkAnnotation.swift */ = {isa = PBXFileReference; fileEncoding = 4; lastKnownFileType = sourcecode.swift; path = ParkAnnotation.swift; sourceTree = "<group>"; };
		E0658C971D1977ED008F488D /* Park.swift */ = {isa = PBXFileReference; fileEncoding = 4; lastKnownFileType = sourcecode.swift; path = Park.swift; sourceTree = "<group>"; };
		E0658C9E1D19B614008F488D /* ParkCell.swift */ = {isa = PBXFileReference; fileEncoding = 4; lastKnownFileType = sourcecode.swift; path = ParkCell.swift; sourceTree = "<group>"; };
		E08353A51D1853560017A6CE /* location-app.app */ = {isa = PBXFileReference; explicitFileType = wrapper.application; includeInIndex = 0; path = "location-app.app"; sourceTree = BUILT_PRODUCTS_DIR; };
		E08353A81D1853560017A6CE /* AppDelegate.swift */ = {isa = PBXFileReference; lastKnownFileType = sourcecode.swift; path = AppDelegate.swift; sourceTree = "<group>"; };
		E08353AA1D1853560017A6CE /* FirstViewController.swift */ = {isa = PBXFileReference; lastKnownFileType = sourcecode.swift; path = FirstViewController.swift; sourceTree = "<group>"; };
		E08353AC1D1853560017A6CE /* LocationVC.swift */ = {isa = PBXFileReference; lastKnownFileType = sourcecode.swift; path = LocationVC.swift; sourceTree = "<group>"; };
		E08353AF1D1853560017A6CE /* Base */ = {isa = PBXFileReference; lastKnownFileType = file.storyboard; name = Base; path = Base.lproj/Main.storyboard; sourceTree = "<group>"; };
		E08353B11D1853560017A6CE /* Assets.xcassets */ = {isa = PBXFileReference; lastKnownFileType = folder.assetcatalog; path = Assets.xcassets; sourceTree = "<group>"; };
		E08353B41D1853560017A6CE /* Base */ = {isa = PBXFileReference; lastKnownFileType = file.storyboard; name = Base; path = Base.lproj/LaunchScreen.storyboard; sourceTree = "<group>"; };
		E08353B61D1853560017A6CE /* Info.plist */ = {isa = PBXFileReference; lastKnownFileType = text.plist.xml; path = Info.plist; sourceTree = "<group>"; };
		F1F50A3A9DF1C987E65372F8 /* Pods-location-app.debug.xcconfig */ = {isa = PBXFileReference; includeInIndex = 1; lastKnownFileType = text.xcconfig; name = "Pods-location-app.debug.xcconfig"; path = "Pods/Target Support Files/Pods-location-app/Pods-location-app.debug.xcconfig"; sourceTree = "<group>"; };
		F59EE0DCD7E39AE6DEFDB2B2 /* Pods_location_app.framework */ = {isa = PBXFileReference; explicitFileType = wrapper.framework; includeInIndex = 0; path = Pods_location_app.framework; sourceTree = BUILT_PRODUCTS_DIR; };
/* End PBXFileReference section */

/* Begin PBXFrameworksBuildPhase section */
		E08353A21D1853560017A6CE /* Frameworks */ = {
			isa = PBXFrameworksBuildPhase;
			buildActionMask = 2147483647;
			files = (
				4E6E901D18E6884C86E6DAC6 /* Pods_location_app.framework in Frameworks */,
			);
			runOnlyForDeploymentPostprocessing = 0;
		};
/* End PBXFrameworksBuildPhase section */

/* Begin PBXGroup section */
		2BD7210A13BF19919F625772 /* Frameworks */ = {
			isa = PBXGroup;
			children = (
				F59EE0DCD7E39AE6DEFDB2B2 /* Pods_location_app.framework */,
			);
			name = Frameworks;
			sourceTree = "<group>";
		};
		81F0BC89E19C05149CE6E360 /* Pods */ = {
			isa = PBXGroup;
			children = (
				F1F50A3A9DF1C987E65372F8 /* Pods-location-app.debug.xcconfig */,
				096586AAEAADF04208F220D5 /* Pods-location-app.release.xcconfig */,
			);
			name = Pods;
			sourceTree = "<group>";
		};
		E04200601D3BA326001CD24A /* Utils */ = {
			isa = PBXGroup;
			children = (
				E04200611D3BA34F001CD24A /* Constants.swift */,
			);
			name = Utils;
			sourceTree = "<group>";
		};
		E0658C991D1985BE008F488D /* Controller */ = {
			isa = PBXGroup;
			children = (
				E08353AA1D1853560017A6CE /* FirstViewController.swift */,
				E08353AC1D1853560017A6CE /* LocationVC.swift */,
				E08353A81D1853560017A6CE /* AppDelegate.swift */,
			);
			name = Controller;
			sourceTree = "<group>";
		};
		E0658C9A1D1985C5008F488D /* View */ = {
			isa = PBXGroup;
			children = (
				E08353AE1D1853560017A6CE /* Main.storyboard */,
				E08353B31D1853560017A6CE /* LaunchScreen.storyboard */,
				E0658C9E1D19B614008F488D /* ParkCell.swift */,
			);
			name = View;
			sourceTree = "<group>";
		};
		E0658C9B1D1985CB008F488D /* Model */ = {
			isa = PBXGroup;
			children = (
				E0658C951D195BA1008F488D /* ParkAnnotation.swift */,
				E0658C971D1977ED008F488D /* Park.swift */,
			);
			name = Model;
			sourceTree = "<group>";
		};
		E083539C1D1853560017A6CE = {
			isa = PBXGroup;
			children = (
				E08353A71D1853560017A6CE /* location-app */,
				E08353A61D1853560017A6CE /* Products */,
				81F0BC89E19C05149CE6E360 /* Pods */,
				2BD7210A13BF19919F625772 /* Frameworks */,
			);
			sourceTree = "<group>";
		};
		E08353A61D1853560017A6CE /* Products */ = {
			isa = PBXGroup;
			children = (
				E08353A51D1853560017A6CE /* location-app.app */,
			);
			name = Products;
			sourceTree = "<group>";
		};
		E08353A71D1853560017A6CE /* location-app */ = {
			isa = PBXGroup;
			children = (
				E04200601D3BA326001CD24A /* Utils */,
				E0658C9B1D1985CB008F488D /* Model */,
				E0658C9A1D1985C5008F488D /* View */,
				E0658C991D1985BE008F488D /* Controller */,
				E08353B11D1853560017A6CE /* Assets.xcassets */,
				E08353B61D1853560017A6CE /* Info.plist */,
			);
			path = "location-app";
			sourceTree = "<group>";
		};
/* End PBXGroup section */

/* Begin PBXNativeTarget section */
		E08353A41D1853560017A6CE /* location-app */ = {
			isa = PBXNativeTarget;
			buildConfigurationList = E08353B91D1853560017A6CE /* Build configuration list for PBXNativeTarget "location-app" */;
			buildPhases = (
				6AA144B88C5ABFADD88CEF62 /* [CP] Check Pods Manifest.lock */,
				E08353A11D1853560017A6CE /* Sources */,
				E08353A21D1853560017A6CE /* Frameworks */,
				E08353A31D1853560017A6CE /* Resources */,
				C22E4EAC1250BAA5D8404BEE /* [CP] Embed Pods Frameworks */,
				5B69EFC089CACFA270186A0D /* [CP] Copy Pods Resources */,
			);
			buildRules = (
			);
			dependencies = (
			);
			name = "location-app";
			productName = "location-app";
			productReference = E08353A51D1853560017A6CE /* location-app.app */;
			productType = "com.apple.product-type.application";
		};
/* End PBXNativeTarget section */

/* Begin PBXProject section */
		E083539D1D1853560017A6CE /* Project object */ = {
			isa = PBXProject;
			attributes = {
				LastSwiftUpdateCheck = 0730;
				LastUpgradeCheck = 0730;
				ORGANIZATIONNAME = "Amadeu Andrade";
				TargetAttributes = {
					E08353A41D1853560017A6CE = {
						CreatedOnToolsVersion = 7.3.1;
					};
				};
			};
			buildConfigurationList = E08353A01D1853560017A6CE /* Build configuration list for PBXProject "location-app" */;
			compatibilityVersion = "Xcode 3.2";
			developmentRegion = English;
			hasScannedForEncodings = 0;
			knownRegions = (
				en,
				Base,
			);
			mainGroup = E083539C1D1853560017A6CE;
			productRefGroup = E08353A61D1853560017A6CE /* Products */;
			projectDirPath = "";
			projectRoot = "";
			targets = (
				E08353A41D1853560017A6CE /* location-app */,
			);
		};
/* End PBXProject section */

/* Begin PBXResourcesBuildPhase section */
		E08353A31D1853560017A6CE /* Resources */ = {
			isa = PBXResourcesBuildPhase;
			buildActionMask = 2147483647;
			files = (
				E08353B51D1853560017A6CE /* LaunchScreen.storyboard in Resources */,
				E08353B21D1853560017A6CE /* Assets.xcassets in Resources */,
				E08353B01D1853560017A6CE /* Main.storyboard in Resources */,
			);
			runOnlyForDeploymentPostprocessing = 0;
		};
/* End PBXResourcesBuildPhase section */

/* Begin PBXShellScriptBuildPhase section */
		5B69EFC089CACFA270186A0D /* [CP] Copy Pods Resources */ = {
			isa = PBXShellScriptBuildPhase;
			buildActionMask = 2147483647;
			files = (
			);
			inputPaths = (
			);
			name = "[CP] Copy Pods Resources";
			outputPaths = (
			);
			runOnlyForDeploymentPostprocessing = 0;
			shellPath = /bin/sh;
			shellScript = "\"${SRCROOT}/Pods/Target Support Files/Pods-location-app/Pods-location-app-resources.sh\"\n";
			showEnvVarsInLog = 0;
		};
		6AA144B88C5ABFADD88CEF62 /* [CP] Check Pods Manifest.lock */ = {
			isa = PBXShellScriptBuildPhase;
			buildActionMask = 2147483647;
			files = (
			);
			inputPaths = (
			);
			name = "[CP] Check Pods Manifest.lock";
			outputPaths = (
			);
			runOnlyForDeploymentPostprocessing = 0;
			shellPath = /bin/sh;
			shellScript = "diff \"${PODS_ROOT}/../Podfile.lock\" \"${PODS_ROOT}/Manifest.lock\" > /dev/null\nif [[ $? != 0 ]] ; then\n    cat << EOM\nerror: The sandbox is not in sync with the Podfile.lock. Run 'pod install' or update your CocoaPods installation.\nEOM\n    exit 1\nfi\n";
			showEnvVarsInLog = 0;
		};
		C22E4EAC1250BAA5D8404BEE /* [CP] Embed Pods Frameworks */ = {
			isa = PBXShellScriptBuildPhase;
			buildActionMask = 2147483647;
			files = (
			);
			inputPaths = (
			);
			name = "[CP] Embed Pods Frameworks";
			outputPaths = (
			);
			runOnlyForDeploymentPostprocessing = 0;
			shellPath = /bin/sh;
			shellScript = "\"${SRCROOT}/Pods/Target Support Files/Pods-location-app/Pods-location-app-frameworks.sh\"\n";
			showEnvVarsInLog = 0;
		};
/* End PBXShellScriptBuildPhase section */

/* Begin PBXSourcesBuildPhase section */
		E08353A11D1853560017A6CE /* Sources */ = {
			isa = PBXSourcesBuildPhase;
			buildActionMask = 2147483647;
			files = (
				E0658C961D195BA1008F488D /* ParkAnnotation.swift in Sources */,
				E08353AD1D1853560017A6CE /* LocationVC.swift in Sources */,
				E08353A91D1853560017A6CE /* AppDelegate.swift in Sources */,
				E0658C981D1977ED008F488D /* Park.swift in Sources */,
				E04200621D3BA34F001CD24A /* Constants.swift in Sources */,
				E08353AB1D1853560017A6CE /* FirstViewController.swift in Sources */,
				E0658C9F1D19B614008F488D /* ParkCell.swift in Sources */,
			);
			runOnlyForDeploymentPostprocessing = 0;
		};
/* End PBXSourcesBuildPhase section */

/* Begin PBXVariantGroup section */
		E08353AE1D1853560017A6CE /* Main.storyboard */ = {
			isa = PBXVariantGroup;
			children = (
				E08353AF1D1853560017A6CE /* Base */,
			);
			name = Main.storyboard;
			sourceTree = "<group>";
		};
		E08353B31D1853560017A6CE /* LaunchScreen.storyboard */ = {
			isa = PBXVariantGroup;
			children = (
				E08353B41D1853560017A6CE /* Base */,
			);
			name = LaunchScreen.storyboard;
			sourceTree = "<group>";
		};
/* End PBXVariantGroup section */

/* Begin XCBuildConfiguration section */
		E08353B71D1853560017A6CE /* Debug */ = {
			isa = XCBuildConfiguration;
			buildSettings = {
				ALWAYS_SEARCH_USER_PATHS = NO;
				CLANG_ANALYZER_NONNULL = YES;
				CLANG_CXX_LANGUAGE_STANDARD = "gnu++0x";
				CLANG_CXX_LIBRARY = "libc++";
				CLANG_ENABLE_MODULES = YES;
				CLANG_ENABLE_OBJC_ARC = YES;
				CLANG_WARN_BOOL_CONVERSION = YES;
				CLANG_WARN_CONSTANT_CONVERSION = YES;
				CLANG_WARN_DIRECT_OBJC_ISA_USAGE = YES_ERROR;
				CLANG_WARN_EMPTY_BODY = YES;
				CLANG_WARN_ENUM_CONVERSION = YES;
				CLANG_WARN_INT_CONVERSION = YES;
				CLANG_WARN_OBJC_ROOT_CLASS = YES_ERROR;
				CLANG_WARN_UNREACHABLE_CODE = YES;
				CLANG_WARN__DUPLICATE_METHOD_MATCH = YES;
				"CODE_SIGN_IDENTITY[sdk=iphoneos*]" = "iPhone Developer";
				COPY_PHASE_STRIP = NO;
				DEBUG_INFORMATION_FORMAT = dwarf;
				ENABLE_STRICT_OBJC_MSGSEND = YES;
				ENABLE_TESTABILITY = YES;
				GCC_C_LANGUAGE_STANDARD = gnu99;
				GCC_DYNAMIC_NO_PIC = NO;
				GCC_NO_COMMON_BLOCKS = YES;
				GCC_OPTIMIZATION_LEVEL = 0;
				GCC_PREPROCESSOR_DEFINITIONS = (
					"DEBUG=1",
					"$(inherited)",
				);
				GCC_WARN_64_TO_32_BIT_CONVERSION = YES;
				GCC_WARN_ABOUT_RETURN_TYPE = YES_ERROR;
				GCC_WARN_UNDECLARED_SELECTOR = YES;
				GCC_WARN_UNINITIALIZED_AUTOS = YES_AGGRESSIVE;
				GCC_WARN_UNUSED_FUNCTION = YES;
				GCC_WARN_UNUSED_VARIABLE = YES;
				IPHONEOS_DEPLOYMENT_TARGET = 9.3;
				MTL_ENABLE_DEBUG_INFO = YES;
				ONLY_ACTIVE_ARCH = YES;
				SDKROOT = iphoneos;
				SWIFT_OPTIMIZATION_LEVEL = "-Onone";
				TARGETED_DEVICE_FAMILY = "1,2";
			};
			name = Debug;
		};
		E08353B81D1853560017A6CE /* Release */ = {
			isa = XCBuildConfiguration;
			buildSettings = {
				ALWAYS_SEARCH_USER_PATHS = NO;
				CLANG_ANALYZER_NONNULL = YES;
				CLANG_CXX_LANGUAGE_STANDARD = "gnu++0x";
				CLANG_CXX_LIBRARY = "libc++";
				CLANG_ENABLE_MODULES = YES;
				CLANG_ENABLE_OBJC_ARC = YES;
				CLANG_WARN_BOOL_CONVERSION = YES;
				CLANG_WARN_CONSTANT_CONVERSION = YES;
				CLANG_WARN_DIRECT_OBJC_ISA_USAGE = YES_ERROR;
				CLANG_WARN_EMPTY_BODY = YES;
				CLANG_WARN_ENUM_CONVERSION = YES;
				CLANG_WARN_INT_CONVERSION = YES;
				CLANG_WARN_OBJC_ROOT_CLASS = YES_ERROR;
				CLANG_WARN_UNREACHABLE_CODE = YES;
				CLANG_WARN__DUPLICATE_METHOD_MATCH = YES;
				"CODE_SIGN_IDENTITY[sdk=iphoneos*]" = "iPhone Developer";
				COPY_PHASE_STRIP = NO;
				DEBUG_INFORMATION_FORMAT = "dwarf-with-dsym";
				ENABLE_NS_ASSERTIONS = NO;
				ENABLE_STRICT_OBJC_MSGSEND = YES;
				GCC_C_LANGUAGE_STANDARD = gnu99;
				GCC_NO_COMMON_BLOCKS = YES;
				GCC_WARN_64_TO_32_BIT_CONVERSION = YES;
				GCC_WARN_ABOUT_RETURN_TYPE = YES_ERROR;
				GCC_WARN_UNDECLARED_SELECTOR = YES;
				GCC_WARN_UNINITIALIZED_AUTOS = YES_AGGRESSIVE;
				GCC_WARN_UNUSED_FUNCTION = YES;
				GCC_WARN_UNUSED_VARIABLE = YES;
				IPHONEOS_DEPLOYMENT_TARGET = 9.3;
				MTL_ENABLE_DEBUG_INFO = NO;
				SDKROOT = iphoneos;
				TARGETED_DEVICE_FAMILY = "1,2";
				VALIDATE_PRODUCT = YES;
			};
			name = Release;
		};
		E08353BA1D1853560017A6CE /* Debug */ = {
			isa = XCBuildConfiguration;
			baseConfigurationReference = F1F50A3A9DF1C987E65372F8 /* Pods-location-app.debug.xcconfig */;
			buildSettings = {
				ASSETCATALOG_COMPILER_APPICON_NAME = AppIcon;
				INFOPLIST_FILE = "location-app/Info.plist";
				LD_RUNPATH_SEARCH_PATHS = "$(inherited) @executable_path/Frameworks";
				PRODUCT_BUNDLE_IDENTIFIER = "amadeujandrade.location-app";
				PRODUCT_NAME = "$(TARGET_NAME)";
			};
			name = Debug;
		};
		E08353BB1D1853560017A6CE /* Release */ = {
			isa = XCBuildConfiguration;
			baseConfigurationReference = 096586AAEAADF04208F220D5 /* Pods-location-app.release.xcconfig */;
			buildSettings = {
				ASSETCATALOG_COMPILER_APPICON_NAME = AppIcon;
				INFOPLIST_FILE = "location-app/Info.plist";
				LD_RUNPATH_SEARCH_PATHS = "$(inherited) @executable_path/Frameworks";
				PRODUCT_BUNDLE_IDENTIFIER = "amadeujandrade.location-app";
				PRODUCT_NAME = "$(TARGET_NAME)";
			};
			name = Release;
		};
/* End XCBuildConfiguration section */

/* Begin XCConfigurationList section */
		E08353A01D1853560017A6CE /* Build configuration list for PBXProject "location-app" */ = {
			isa = XCConfigurationList;
			buildConfigurations = (
				E08353B71D1853560017A6CE /* Debug */,
				E08353B81D1853560017A6CE /* Release */,
			);
			defaultConfigurationIsVisible = 0;
			defaultConfigurationName = Release;
		};
		E08353B91D1853560017A6CE /* Build configuration list for PBXNativeTarget "location-app" */ = {
			isa = XCConfigurationList;
			buildConfigurations = (
				E08353BA1D1853560017A6CE /* Debug */,
				E08353BB1D1853560017A6CE /* Release */,
			);
			defaultConfigurationIsVisible = 0;
			defaultConfigurationName = Release;
		};
/* End XCConfigurationList section */
	};
	rootObject = E083539D1D1853560017A6CE /* Project object */;
}
